
Microsoft Visual Studio Solution File, Format Version 12.00
# Visual Studio Version 17
VisualStudioVersion = 17.3.32825.248
MinimumVisualStudioVersion = 10.0.40219.1
Project("{FAE04EC0-301F-11D3-BF4B-00C04F79EFBC}") = "For_Each_Loopar_20_Sept", "For_Each_Loopar_20_Sept\For_Each_Loopar_20_Sept.csproj", "{60503A51-AC06-4FD2-A035-E92BC965131E}"
EndProject
Global
	GlobalSection(SolutionConfigurationPlatforms) = preSolution
		Debug|Any CPU = Debug|Any CPU
		Release|Any CPU = Release|Any CPU
	EndGlobalSection
	GlobalSection(ProjectConfigurationPlatforms) = postSolution
		{60503A51-AC06-4FD2-A035-E92BC965131E}.Debug|Any CPU.ActiveCfg = Debug|Any CPU
		{60503A51-AC06-4FD2-A035-E92BC965131E}.Debug|Any CPU.Build.0 = Debug|Any CPU
		{60503A51-AC06-4FD2-A035-E92BC965131E}.Release|Any CPU.ActiveCfg = Release|Any CPU
		{60503A51-AC06-4FD2-A035-E92BC965131E}.Release|Any CPU.Build.0 = Release|Any CPU
	EndGlobalSection
	GlobalSection(SolutionProperties) = preSolution
		HideSolutionNode = FALSE
	EndGlobalSection
	GlobalSection(ExtensibilityGlobals) = postSolution
		SolutionGuid = {592086E4-5FF1-4B67-859D-4EC115B22F21}
	EndGlobalSection
EndGlobal
